{
  "version": 4,
  "terraform_version": "1.4.6",
  "serial": 14,
  "lineage": "0ad908cb-3369-357b-7ab0-5d436b3f5ce9",
  "outputs": {
    "azurem_storage_blob": {
      "value": "https://vikasaccount.blob.core.windows.net/vikascontainer/vikasblob.jpg",
      "type": "string"
    }
  },
  "resources": [
    {
      "mode": "managed",
      "type": "azurerm_resource_group",
      "name": "myapp",
      "provider": "provider[\"registry.terraform.io/hashicorp/azurerm\"]",
      "instances": [
        {
          "schema_version": 0,
          "attributes": {
            "id": "/subscriptions/1d306d29-e03e-4324-968e-9f6048e74ba9/resourceGroups/vikasgroup",
            "location": "westeurope",
            "name": "vikasgroup",
            "tags": {},
            "timeouts": null
          },
          "sensitive_attributes": [],
          "private": "eyJlMmJmYjczMC1lY2FhLTExZTYtOGY4OC0zNDM2M2JjN2M0YzAiOnsiY3JlYXRlIjo1NDAwMDAwMDAwMDAwLCJkZWxldGUiOjU0MDAwMDAwMDAwMDAsInJlYWQiOjMwMDAwMDAwMDAwMCwidXBkYXRlIjo1NDAwMDAwMDAwMDAwfX0="
        }
      ]
    },
    {
      "mode": "managed",
      "type": "azurerm_storage_account",
      "name": "myapp",
      "provider": "provider[\"registry.terraform.io/hashicorp/azurerm\"]",
      "instances": [
        {
          "schema_version": 3,
          "attributes": {
            "access_tier": "Hot",
            "account_kind": "StorageV2",
            "account_replication_type": "GRS",
            "account_tier": "Standard",
            "allow_nested_items_to_be_public": true,
            "allowed_copy_scope": "",
            "azure_files_authentication": [],
            "blob_properties": [
              {
                "change_feed_enabled": false,
                "change_feed_retention_in_days": 0,
                "container_delete_retention_policy": [],
                "cors_rule": [],
                "default_service_version": "",
                "delete_retention_policy": [],
                "last_access_time_enabled": false,
                "restore_policy": [],
                "versioning_enabled": false
              }
            ],
            "cross_tenant_replication_enabled": true,
            "custom_domain": [],
            "customer_managed_key": [],
            "default_to_oauth_authentication": false,
            "edge_zone": "",
            "enable_https_traffic_only": true,
            "id": "/subscriptions/1d306d29-e03e-4324-968e-9f6048e74ba9/resourceGroups/vikasgroup/providers/Microsoft.Storage/storageAccounts/vikasaccount",
            "identity": [],
            "immutability_policy": [],
            "infrastructure_encryption_enabled": false,
            "is_hns_enabled": false,
            "large_file_share_enabled": null,
            "location": "westeurope",
            "min_tls_version": "TLS1_2",
            "name": "vikasaccount",
            "network_rules": [
              {
                "bypass": [
                  "AzureServices"
                ],
                "default_action": "Allow",
                "ip_rules": [],
                "private_link_access": [],
                "virtual_network_subnet_ids": []
              }
            ],
            "nfsv3_enabled": false,
            "primary_access_key": "Zvy0RR7kcWwQ0pjLFqYQ+NLqQq83MNzwiJxtI4Da7v7lwXzYVTc01hYHdC5zU+kirQWmsToEKWWi+ASt1U3Eng==",
            "primary_blob_connection_string": "DefaultEndpointsProtocol=https;BlobEndpoint=https://vikasaccount.blob.core.windows.net/;AccountName=vikasaccount;AccountKey=Zvy0RR7kcWwQ0pjLFqYQ+NLqQq83MNzwiJxtI4Da7v7lwXzYVTc01hYHdC5zU+kirQWmsToEKWWi+ASt1U3Eng==",
            "primary_blob_endpoint": "https://vikasaccount.blob.core.windows.net/",
            "primary_blob_host": "vikasaccount.blob.core.windows.net",
            "primary_connection_string": "DefaultEndpointsProtocol=https;AccountName=vikasaccount;AccountKey=Zvy0RR7kcWwQ0pjLFqYQ+NLqQq83MNzwiJxtI4Da7v7lwXzYVTc01hYHdC5zU+kirQWmsToEKWWi+ASt1U3Eng==;EndpointSuffix=core.windows.net",
            "primary_dfs_endpoint": "https://vikasaccount.dfs.core.windows.net/",
            "primary_dfs_host": "vikasaccount.dfs.core.windows.net",
            "primary_file_endpoint": "https://vikasaccount.file.core.windows.net/",
            "primary_file_host": "vikasaccount.file.core.windows.net",
            "primary_location": "westeurope",
            "primary_queue_endpoint": "https://vikasaccount.queue.core.windows.net/",
            "primary_queue_host": "vikasaccount.queue.core.windows.net",
            "primary_table_endpoint": "https://vikasaccount.table.core.windows.net/",
            "primary_table_host": "vikasaccount.table.core.windows.net",
            "primary_web_endpoint": "https://vikasaccount.z6.web.core.windows.net/",
            "primary_web_host": "vikasaccount.z6.web.core.windows.net",
            "public_network_access_enabled": true,
            "queue_encryption_key_type": "Service",
            "queue_properties": [
              {
                "cors_rule": [],
                "hour_metrics": [
                  {
                    "enabled": true,
                    "include_apis": true,
                    "retention_policy_days": 7,
                    "version": "1.0"
                  }
                ],
                "logging": [
                  {
                    "delete": false,
                    "read": false,
                    "retention_policy_days": 0,
                    "version": "1.0",
                    "write": false
                  }
                ],
                "minute_metrics": [
                  {
                    "enabled": false,
                    "include_apis": false,
                    "retention_policy_days": 0,
                    "version": "1.0"
                  }
                ]
              }
            ],
            "resource_group_name": "vikasgroup",
            "routing": [],
            "sas_policy": [],
            "secondary_access_key": "fw7xW3cMC3E8/+GpuOcvLo15xxmfyIeGDJn0zUbiCmkRptqy9fs8USKovm7MQgzEBzPAngmjvD8U+AStAFtriA==",
            "secondary_blob_connection_string": "",
            "secondary_blob_endpoint": null,
            "secondary_blob_host": null,
            "secondary_connection_string": "DefaultEndpointsProtocol=https;AccountName=vikasaccount;AccountKey=fw7xW3cMC3E8/+GpuOcvLo15xxmfyIeGDJn0zUbiCmkRptqy9fs8USKovm7MQgzEBzPAngmjvD8U+AStAFtriA==;EndpointSuffix=core.windows.net",
            "secondary_dfs_endpoint": null,
            "secondary_dfs_host": null,
            "secondary_file_endpoint": null,
            "secondary_file_host": null,
            "secondary_location": "northeurope",
            "secondary_queue_endpoint": null,
            "secondary_queue_host": null,
            "secondary_table_endpoint": null,
            "secondary_table_host": null,
            "secondary_web_endpoint": null,
            "secondary_web_host": null,
            "sftp_enabled": false,
            "share_properties": [
              {
                "cors_rule": [],
                "retention_policy": [
                  {
                    "days": 7
                  }
                ],
                "smb": []
              }
            ],
            "shared_access_key_enabled": true,
            "static_website": [],
            "table_encryption_key_type": "Service",
            "tags": {},
            "timeouts": null
          },
          "sensitive_attributes": [],
          "private": "eyJlMmJmYjczMC1lY2FhLTExZTYtOGY4OC0zNDM2M2JjN2M0YzAiOnsiY3JlYXRlIjozNjAwMDAwMDAwMDAwLCJkZWxldGUiOjM2MDAwMDAwMDAwMDAsInJlYWQiOjMwMDAwMDAwMDAwMCwidXBkYXRlIjozNjAwMDAwMDAwMDAwfSwic2NoZW1hX3ZlcnNpb24iOiIzIn0=",
          "dependencies": [
            "azurerm_resource_group.myapp"
          ]
        }
      ]
    },
    {
      "mode": "managed",
      "type": "azurerm_storage_blob",
      "name": "myapp",
      "provider": "provider[\"registry.terraform.io/hashicorp/azurerm\"]",
      "instances": [
        {
          "schema_version": 1,
          "attributes": {
            "access_tier": "Hot",
            "cache_control": "",
            "content_md5": "",
            "content_type": "application/octet-stream",
            "id": "https://vikasaccount.blob.core.windows.net/vikascontainer/vikasblob.jpg",
            "metadata": {},
            "name": "vikasblob.jpg",
            "parallelism": 8,
            "size": 0,
            "source": "./img.jpg",
            "source_content": null,
            "source_uri": null,
            "storage_account_name": "vikasaccount",
            "storage_container_name": "vikascontainer",
            "timeouts": null,
            "type": "Block",
            "url": "https://vikasaccount.blob.core.windows.net/vikascontainer/vikasblob.jpg"
          },
          "sensitive_attributes": [],
          "private": "eyJlMmJmYjczMC1lY2FhLTExZTYtOGY4OC0zNDM2M2JjN2M0YzAiOnsiY3JlYXRlIjoxODAwMDAwMDAwMDAwLCJkZWxldGUiOjE4MDAwMDAwMDAwMDAsInJlYWQiOjMwMDAwMDAwMDAwMCwidXBkYXRlIjoxODAwMDAwMDAwMDAwfSwic2NoZW1hX3ZlcnNpb24iOiIxIn0=",
          "dependencies": [
            "azurerm_storage_account.myapp",
            "azurerm_storage_container.myapp"
          ]
        }
      ]
    },
    {
      "mode": "managed",
      "type": "azurerm_storage_container",
      "name": "myapp",
      "provider": "provider[\"registry.terraform.io/hashicorp/azurerm\"]",
      "instances": [
        {
          "schema_version": 1,
          "attributes": {
            "container_access_type": "private",
            "has_immutability_policy": false,
            "has_legal_hold": false,
            "id": "https://vikasaccount.blob.core.windows.net/vikascontainer",
            "metadata": {},
            "name": "vikascontainer",
            "resource_manager_id": "/subscriptions/1d306d29-e03e-4324-968e-9f6048e74ba9/resourceGroups/vikasgroup/providers/Microsoft.Storage/storageAccounts/vikasaccount/blobServices/default/containers/vikascontainer",
            "storage_account_name": "vikasaccount",
            "timeouts": null
          },
          "sensitive_attributes": [],
          "private": "eyJlMmJmYjczMC1lY2FhLTExZTYtOGY4OC0zNDM2M2JjN2M0YzAiOnsiY3JlYXRlIjoxODAwMDAwMDAwMDAwLCJkZWxldGUiOjE4MDAwMDAwMDAwMDAsInJlYWQiOjMwMDAwMDAwMDAwMCwidXBkYXRlIjoxODAwMDAwMDAwMDAwfSwic2NoZW1hX3ZlcnNpb24iOiIxIn0=",
          "dependencies": [
            "azurerm_resource_group.myapp",
            "azurerm_storage_account.myapp"
          ]
        }
      ]
    }
  ],
  "check_results": null
}
